{
  "name": "collmex-api",
  "version": "0.0.1",
  "lockfileVersion": 2,
  "requires": true,
  "packages": {
    "": {
      "name": "collmex-api",
      "version": "0.0.1",
      "dependencies": {
        "iconv-lite": "^0.4.18",
        "tv4": "^1.2.7"
      },
      "devDependencies": {
        "dayjs": "^1.11.8"
      },
      "engines": {
        "node": ">=4.4.7"
      }
    },
    "node_modules/dayjs": {
      "version": "1.11.8",
      "resolved": "https://registry.npmjs.org/dayjs/-/dayjs-1.11.8.tgz",
      "integrity": "sha512-LcgxzFoWMEPO7ggRv1Y2N31hUf2R0Vj7fuy/m+Bg1K8rr+KAs1AEy4y9jd5DXe8pbHgX+srkHNS7TH6Q6ZhYeQ==",
      "dev": true
    },
    "node_modules/iconv-lite": {
      "version": "0.4.18",
      "resolved": "https://registry.npmjs.org/iconv-lite/-/iconv-lite-0.4.18.tgz",
      "integrity": "sha512-sr1ZQph3UwHTR0XftSbK85OvBbxe/abLGzEnPENCQwmHf7sck8Oyu4ob3LgBxWWxRoM+QszeUyl7jbqapu2TqA==",
      "engines": {
        "node": ">=0.10.0"
      }
    },
    "node_modules/tv4": {
      "version": "1.2.7",
      "resolved": "https://registry.npmjs.org/tv4/-/tv4-1.2.7.tgz",
      "integrity": "sha1-vSk4mvxzreSa5fSBQrXVRL9o0SA=",
      "engines": {
        "node": ">= 0.8.0"
      }
    }
  },
  "dependencies": {
    "dayjs": {
      "version": "1.11.8",
      "resolved": "https://registry.npmjs.org/dayjs/-/dayjs-1.11.8.tgz",
      "integrity": "sha512-LcgxzFoWMEPO7ggRv1Y2N31hUf2R0Vj7fuy/m+Bg1K8rr+KAs1AEy4y9jd5DXe8pbHgX+srkHNS7TH6Q6ZhYeQ==",
      "dev": true
    },
    "iconv-lite": {
      "version": "0.4.18",
      "resolved": "https://registry.npmjs.org/iconv-lite/-/iconv-lite-0.4.18.tgz",
      "integrity": "sha512-sr1ZQph3UwHTR0XftSbK85OvBbxe/abLGzEnPENCQwmHf7sck8Oyu4ob3LgBxWWxRoM+QszeUyl7jbqapu2TqA=="
    },
    "tv4": {
      "version": "1.2.7",
      "resolved": "https://registry.npmjs.org/tv4/-/tv4-1.2.7.tgz",
      "integrity": "sha1-vSk4mvxzreSa5fSBQrXVRL9o0SA="
    }
  }
}
